
Microsoft Visual Studio Solution File, Format Version 12.00
# Visual Studio 14
VisualStudioVersion = 14.0.24720.0
MinimumVisualStudioVersion = 10.0.40219.1
Project("{FAE04EC0-301F-11D3-BF4B-00C04F79EFBC}") = "Graduation.Web", "Graduation.Web\Graduation.Web.csproj", "{9863C13F-90F0-4A7E-94E7-B899A71BF35C}"
EndProject
Project("{FAE04EC0-301F-11D3-BF4B-00C04F79EFBC}") = "Graduation.Logic", "Graduation.Logic\Graduation.Logic.csproj", "{C2B147A0-25B4-4F33-9045-199474ACE7D4}"
EndProject
Global
	GlobalSection(SolutionConfigurationPlatforms) = preSolution
		Debug|Any CPU = Debug|Any CPU
		Debug|x64 = Debug|x64
		Debug|x86 = Debug|x86
		Release|Any CPU = Release|Any CPU
		Release|x64 = Release|x64
		Release|x86 = Release|x86
	EndGlobalSection
	GlobalSection(ProjectConfigurationPlatforms) = postSolution
		{9863C13F-90F0-4A7E-94E7-B899A71BF35C}.Debug|Any CPU.ActiveCfg = Debug|Any CPU
		{9863C13F-90F0-4A7E-94E7-B899A71BF35C}.Debug|Any CPU.Build.0 = Debug|Any CPU
		{9863C13F-90F0-4A7E-94E7-B899A71BF35C}.Debug|x64.ActiveCfg = Debug|Any CPU
		{9863C13F-90F0-4A7E-94E7-B899A71BF35C}.Debug|x64.Build.0 = Debug|Any CPU
		{9863C13F-90F0-4A7E-94E7-B899A71BF35C}.Debug|x86.ActiveCfg = Debug|Any CPU
		{9863C13F-90F0-4A7E-94E7-B899A71BF35C}.Debug|x86.Build.0 = Debug|Any CPU
		{9863C13F-90F0-4A7E-94E7-B899A71BF35C}.Release|Any CPU.ActiveCfg = Release|Any CPU
		{9863C13F-90F0-4A7E-94E7-B899A71BF35C}.Release|Any CPU.Build.0 = Release|Any CPU
		{9863C13F-90F0-4A7E-94E7-B899A71BF35C}.Release|x64.ActiveCfg = Release|Any CPU
		{9863C13F-90F0-4A7E-94E7-B899A71BF35C}.Release|x64.Build.0 = Release|Any CPU
		{9863C13F-90F0-4A7E-94E7-B899A71BF35C}.Release|x86.ActiveCfg = Release|Any CPU
		{9863C13F-90F0-4A7E-94E7-B899A71BF35C}.Release|x86.Build.0 = Release|Any CPU
		{C2B147A0-25B4-4F33-9045-199474ACE7D4}.Debug|Any CPU.ActiveCfg = Debug|Any CPU
		{C2B147A0-25B4-4F33-9045-199474ACE7D4}.Debug|Any CPU.Build.0 = Debug|Any CPU
		{C2B147A0-25B4-4F33-9045-199474ACE7D4}.Debug|x64.ActiveCfg = Debug|Any CPU
		{C2B147A0-25B4-4F33-9045-199474ACE7D4}.Debug|x64.Build.0 = Debug|Any CPU
		{C2B147A0-25B4-4F33-9045-199474ACE7D4}.Debug|x86.ActiveCfg = Debug|Any CPU
		{C2B147A0-25B4-4F33-9045-199474ACE7D4}.Debug|x86.Build.0 = Debug|Any CPU
		{C2B147A0-25B4-4F33-9045-199474ACE7D4}.Release|Any CPU.ActiveCfg = Release|Any CPU
		{C2B147A0-25B4-4F33-9045-199474ACE7D4}.Release|Any CPU.Build.0 = Release|Any CPU
		{C2B147A0-25B4-4F33-9045-199474ACE7D4}.Release|x64.ActiveCfg = Release|Any CPU
		{C2B147A0-25B4-4F33-9045-199474ACE7D4}.Release|x64.Build.0 = Release|Any CPU
		{C2B147A0-25B4-4F33-9045-199474ACE7D4}.Release|x86.ActiveCfg = Release|Any CPU
		{C2B147A0-25B4-4F33-9045-199474ACE7D4}.Release|x86.Build.0 = Release|Any CPU
	EndGlobalSection
	GlobalSection(SolutionProperties) = preSolution
		HideSolutionNode = FALSE
	EndGlobalSection
EndGlobal
